{
  "requires": true,
  "lockfileVersion": 1,
  "dependencies": {
    "cat-me": {
      "version": "1.0.3",
      "resolved": "https://registry.npmjs.org/cat-me/-/cat-me-1.0.3.tgz",
      "integrity": "sha1-9Gqnvi8Y3qtzUNwn+u2fjZEm6Ok=",
      "requires": {
        "yargs": "^3.18.0"
      }
    }
  }
}
